
Microsoft Visual Studio Solution File, Format Version 12.00
# Visual Studio Version 16
VisualStudioVersion = 16.0.30413.136
MinimumVisualStudioVersion = 10.0.40219.1
Project("{9A19103F-16F7-4668-BE54-9A1E7A4F7556}") = "SimpleNavigation", "SimpleNavigation\SimpleNavigation.csproj", "{342B3E77-AD1B-42C5-8C41-C46FEBB97328}"
EndProject
Project("{FAE04EC0-301F-11D3-BF4B-00C04F79EFBC}") = "App1", "App1\App1.csproj", "{0E9CD36D-4686-4F9E-A9A4-22593F6C9780}"
EndProject
Project("{2150E333-8FDC-42A3-9474-1A3956D46DE8}") = "BLE", "BLE", "{68F9BD7E-D4CC-4621-97C8-C57D8C8C1349}"
EndProject
Project("{FAE04EC0-301F-11D3-BF4B-00C04F79EFBC}") = "BLESniffer.WPF", "BLESniffer.WPF\BLESniffer.WPF.csproj", "{EF28E47D-E342-4FB4-8B3F-C1C24F388FBF}"
EndProject
Global
	GlobalSection(SolutionConfigurationPlatforms) = preSolution
		Debug|Any CPU = Debug|Any CPU
		Debug|ARM = Debug|ARM
		Debug|ARM64 = Debug|ARM64
		Debug|x64 = Debug|x64
		Debug|x86 = Debug|x86
		Release|Any CPU = Release|Any CPU
		Release|ARM = Release|ARM
		Release|ARM64 = Release|ARM64
		Release|x64 = Release|x64
		Release|x86 = Release|x86
	EndGlobalSection
	GlobalSection(ProjectConfigurationPlatforms) = postSolution
		{342B3E77-AD1B-42C5-8C41-C46FEBB97328}.Debug|Any CPU.ActiveCfg = Debug|Any CPU
		{342B3E77-AD1B-42C5-8C41-C46FEBB97328}.Debug|Any CPU.Build.0 = Debug|Any CPU
		{342B3E77-AD1B-42C5-8C41-C46FEBB97328}.Debug|ARM.ActiveCfg = Debug|Any CPU
		{342B3E77-AD1B-42C5-8C41-C46FEBB97328}.Debug|ARM.Build.0 = Debug|Any CPU
		{342B3E77-AD1B-42C5-8C41-C46FEBB97328}.Debug|ARM64.ActiveCfg = Debug|Any CPU
		{342B3E77-AD1B-42C5-8C41-C46FEBB97328}.Debug|ARM64.Build.0 = Debug|Any CPU
		{342B3E77-AD1B-42C5-8C41-C46FEBB97328}.Debug|x64.ActiveCfg = Debug|Any CPU
		{342B3E77-AD1B-42C5-8C41-C46FEBB97328}.Debug|x64.Build.0 = Debug|Any CPU
		{342B3E77-AD1B-42C5-8C41-C46FEBB97328}.Debug|x86.ActiveCfg = Debug|Any CPU
		{342B3E77-AD1B-42C5-8C41-C46FEBB97328}.Debug|x86.Build.0 = Debug|Any CPU
		{342B3E77-AD1B-42C5-8C41-C46FEBB97328}.Release|Any CPU.ActiveCfg = Release|Any CPU
		{342B3E77-AD1B-42C5-8C41-C46FEBB97328}.Release|Any CPU.Build.0 = Release|Any CPU
		{342B3E77-AD1B-42C5-8C41-C46FEBB97328}.Release|ARM.ActiveCfg = Release|Any CPU
		{342B3E77-AD1B-42C5-8C41-C46FEBB97328}.Release|ARM.Build.0 = Release|Any CPU
		{342B3E77-AD1B-42C5-8C41-C46FEBB97328}.Release|ARM64.ActiveCfg = Release|Any CPU
		{342B3E77-AD1B-42C5-8C41-C46FEBB97328}.Release|ARM64.Build.0 = Release|Any CPU
		{342B3E77-AD1B-42C5-8C41-C46FEBB97328}.Release|x64.ActiveCfg = Release|Any CPU
		{342B3E77-AD1B-42C5-8C41-C46FEBB97328}.Release|x64.Build.0 = Release|Any CPU
		{342B3E77-AD1B-42C5-8C41-C46FEBB97328}.Release|x86.ActiveCfg = Release|Any CPU
		{342B3E77-AD1B-42C5-8C41-C46FEBB97328}.Release|x86.Build.0 = Release|Any CPU
		{0E9CD36D-4686-4F9E-A9A4-22593F6C9780}.Debug|Any CPU.ActiveCfg = Debug|x86
		{0E9CD36D-4686-4F9E-A9A4-22593F6C9780}.Debug|ARM.ActiveCfg = Debug|ARM
		{0E9CD36D-4686-4F9E-A9A4-22593F6C9780}.Debug|ARM.Build.0 = Debug|ARM
		{0E9CD36D-4686-4F9E-A9A4-22593F6C9780}.Debug|ARM.Deploy.0 = Debug|ARM
		{0E9CD36D-4686-4F9E-A9A4-22593F6C9780}.Debug|ARM64.ActiveCfg = Debug|ARM64
		{0E9CD36D-4686-4F9E-A9A4-22593F6C9780}.Debug|ARM64.Build.0 = Debug|ARM64
		{0E9CD36D-4686-4F9E-A9A4-22593F6C9780}.Debug|ARM64.Deploy.0 = Debug|ARM64
		{0E9CD36D-4686-4F9E-A9A4-22593F6C9780}.Debug|x64.ActiveCfg = Debug|x64
		{0E9CD36D-4686-4F9E-A9A4-22593F6C9780}.Debug|x64.Build.0 = Debug|x64
		{0E9CD36D-4686-4F9E-A9A4-22593F6C9780}.Debug|x64.Deploy.0 = Debug|x64
		{0E9CD36D-4686-4F9E-A9A4-22593F6C9780}.Debug|x86.ActiveCfg = Debug|x86
		{0E9CD36D-4686-4F9E-A9A4-22593F6C9780}.Debug|x86.Build.0 = Debug|x86
		{0E9CD36D-4686-4F9E-A9A4-22593F6C9780}.Debug|x86.Deploy.0 = Debug|x86
		{0E9CD36D-4686-4F9E-A9A4-22593F6C9780}.Release|Any CPU.ActiveCfg = Release|x86
		{0E9CD36D-4686-4F9E-A9A4-22593F6C9780}.Release|ARM.ActiveCfg = Release|ARM
		{0E9CD36D-4686-4F9E-A9A4-22593F6C9780}.Release|ARM.Build.0 = Release|ARM
		{0E9CD36D-4686-4F9E-A9A4-22593F6C9780}.Release|ARM.Deploy.0 = Release|ARM
		{0E9CD36D-4686-4F9E-A9A4-22593F6C9780}.Release|ARM64.ActiveCfg = Release|ARM64
		{0E9CD36D-4686-4F9E-A9A4-22593F6C9780}.Release|ARM64.Build.0 = Release|ARM64
		{0E9CD36D-4686-4F9E-A9A4-22593F6C9780}.Release|ARM64.Deploy.0 = Release|ARM64
		{0E9CD36D-4686-4F9E-A9A4-22593F6C9780}.Release|x64.ActiveCfg = Release|x64
		{0E9CD36D-4686-4F9E-A9A4-22593F6C9780}.Release|x64.Build.0 = Release|x64
		{0E9CD36D-4686-4F9E-A9A4-22593F6C9780}.Release|x64.Deploy.0 = Release|x64
		{0E9CD36D-4686-4F9E-A9A4-22593F6C9780}.Release|x86.ActiveCfg = Release|x86
		{0E9CD36D-4686-4F9E-A9A4-22593F6C9780}.Release|x86.Build.0 = Release|x86
		{0E9CD36D-4686-4F9E-A9A4-22593F6C9780}.Release|x86.Deploy.0 = Release|x86
		{EF28E47D-E342-4FB4-8B3F-C1C24F388FBF}.Debug|Any CPU.ActiveCfg = Debug|Any CPU
		{EF28E47D-E342-4FB4-8B3F-C1C24F388FBF}.Debug|Any CPU.Build.0 = Debug|Any CPU
		{EF28E47D-E342-4FB4-8B3F-C1C24F388FBF}.Debug|ARM.ActiveCfg = Debug|Any CPU
		{EF28E47D-E342-4FB4-8B3F-C1C24F388FBF}.Debug|ARM.Build.0 = Debug|Any CPU
		{EF28E47D-E342-4FB4-8B3F-C1C24F388FBF}.Debug|ARM64.ActiveCfg = Debug|Any CPU
		{EF28E47D-E342-4FB4-8B3F-C1C24F388FBF}.Debug|ARM64.Build.0 = Debug|Any CPU
		{EF28E47D-E342-4FB4-8B3F-C1C24F388FBF}.Debug|x64.ActiveCfg = Debug|Any CPU
		{EF28E47D-E342-4FB4-8B3F-C1C24F388FBF}.Debug|x64.Build.0 = Debug|Any CPU
		{EF28E47D-E342-4FB4-8B3F-C1C24F388FBF}.Debug|x86.ActiveCfg = Debug|Any CPU
		{EF28E47D-E342-4FB4-8B3F-C1C24F388FBF}.Debug|x86.Build.0 = Debug|Any CPU
		{EF28E47D-E342-4FB4-8B3F-C1C24F388FBF}.Release|Any CPU.ActiveCfg = Release|Any CPU
		{EF28E47D-E342-4FB4-8B3F-C1C24F388FBF}.Release|Any CPU.Build.0 = Release|Any CPU
		{EF28E47D-E342-4FB4-8B3F-C1C24F388FBF}.Release|ARM.ActiveCfg = Release|Any CPU
		{EF28E47D-E342-4FB4-8B3F-C1C24F388FBF}.Release|ARM.Build.0 = Release|Any CPU
		{EF28E47D-E342-4FB4-8B3F-C1C24F388FBF}.Release|ARM64.ActiveCfg = Release|Any CPU
		{EF28E47D-E342-4FB4-8B3F-C1C24F388FBF}.Release|ARM64.Build.0 = Release|Any CPU
		{EF28E47D-E342-4FB4-8B3F-C1C24F388FBF}.Release|x64.ActiveCfg = Release|Any CPU
		{EF28E47D-E342-4FB4-8B3F-C1C24F388FBF}.Release|x64.Build.0 = Release|Any CPU
		{EF28E47D-E342-4FB4-8B3F-C1C24F388FBF}.Release|x86.ActiveCfg = Release|Any CPU
		{EF28E47D-E342-4FB4-8B3F-C1C24F388FBF}.Release|x86.Build.0 = Release|Any CPU
	EndGlobalSection
	GlobalSection(SolutionProperties) = preSolution
		HideSolutionNode = FALSE
	EndGlobalSection
	GlobalSection(NestedProjects) = preSolution
		{EF28E47D-E342-4FB4-8B3F-C1C24F388FBF} = {68F9BD7E-D4CC-4621-97C8-C57D8C8C1349}
	EndGlobalSection
	GlobalSection(ExtensibilityGlobals) = postSolution
		SolutionGuid = {A585AFCB-B35F-4AC2-A509-EE45FB1A5D9B}
	EndGlobalSection
EndGlobal
